{
  "requires": true,
  "lockfileVersion": 1,
  "dependencies": {
    "babel-plugin-transform-remove-strict-mode": {
      "version": "0.0.2",
      "resolved": "https://registry.npm.taobao.org/babel-plugin-transform-remove-strict-mode/download/babel-plugin-transform-remove-strict-mode-0.0.2.tgz",
      "integrity": "sha1-kTaFqrlUOfOg7YjliPvV6ZeJBXk="
    }
  }
}
